
Microsoft Visual Studio Solution File, Format Version 12.00
# Visual Studio Version 16
VisualStudioVersion = 16.0.29728.190
MinimumVisualStudioVersion = 10.0.40219.1
Project("{9A19103F-16F7-4668-BE54-9A1E7A4F7556}") = "MaxDataStructures", "MaxDataStructures\MaxDataStructures.csproj", "{C79427DA-7E7B-4065-BFB2-181368FF01A1}"
EndProject
Project("{FAE04EC0-301F-11D3-BF4B-00C04F79EFBC}") = "DataStructureUnitTests", "DataStructureUnitTests\DataStructureUnitTests.csproj", "{700FBC99-AB43-46BC-80F8-77015E4841A1}"
EndProject
Global
	GlobalSection(SolutionConfigurationPlatforms) = preSolution
		Debug|Any CPU = Debug|Any CPU
		Release|Any CPU = Release|Any CPU
	EndGlobalSection
	GlobalSection(ProjectConfigurationPlatforms) = postSolution
		{C79427DA-7E7B-4065-BFB2-181368FF01A1}.Debug|Any CPU.ActiveCfg = Debug|Any CPU
		{C79427DA-7E7B-4065-BFB2-181368FF01A1}.Debug|Any CPU.Build.0 = Debug|Any CPU
		{C79427DA-7E7B-4065-BFB2-181368FF01A1}.Release|Any CPU.ActiveCfg = Release|Any CPU
		{C79427DA-7E7B-4065-BFB2-181368FF01A1}.Release|Any CPU.Build.0 = Release|Any CPU
		{700FBC99-AB43-46BC-80F8-77015E4841A1}.Debug|Any CPU.ActiveCfg = Debug|Any CPU
		{700FBC99-AB43-46BC-80F8-77015E4841A1}.Debug|Any CPU.Build.0 = Debug|Any CPU
		{700FBC99-AB43-46BC-80F8-77015E4841A1}.Release|Any CPU.ActiveCfg = Release|Any CPU
		{700FBC99-AB43-46BC-80F8-77015E4841A1}.Release|Any CPU.Build.0 = Release|Any CPU
	EndGlobalSection
	GlobalSection(SolutionProperties) = preSolution
		HideSolutionNode = FALSE
	EndGlobalSection
	GlobalSection(ExtensibilityGlobals) = postSolution
		SolutionGuid = {19EA50BF-BBC7-420C-B902-9220A2C88B88}
	EndGlobalSection
EndGlobal
